
Microsoft Visual Studio Solution File, Format Version 12.00
# Visual Studio 15
VisualStudioVersion = 15.0.27130.2027
MinimumVisualStudioVersion = 10.0.40219.1
Project("{9A19103F-16F7-4668-BE54-9A1E7A4F7556}") = "Fluent.NetStandardTest", "src\Fluent.NetStandardTest\Fluent.NetStandardTest.csproj", "{3E7B9E8B-CD5E-4277-B274-45F8EE3DD27E}"
EndProject
Project("{9A19103F-16F7-4668-BE54-9A1E7A4F7556}") = "FluentMigrator.NetStandard", "src\FluentMigrator\FluentMigrator.NetStandard.csproj", "{5B817D47-5548-4E77-95FD-1378BA390BE8}"
EndProject
Project("{9A19103F-16F7-4668-BE54-9A1E7A4F7556}") = "FluentMigrator.Runner.NetStandard", "src\FluentMigrator.Runner\FluentMigrator.Runner.NetStandard.csproj", "{A541B371-7ACD-46CD-9E8E-80D4DF15EE7F}"
EndProject
Global
	GlobalSection(SolutionConfigurationPlatforms) = preSolution
		Debug|Any CPU = Debug|Any CPU
		Release|Any CPU = Release|Any CPU
	EndGlobalSection
	GlobalSection(ProjectConfigurationPlatforms) = postSolution
		{3E7B9E8B-CD5E-4277-B274-45F8EE3DD27E}.Debug|Any CPU.ActiveCfg = Debug|Any CPU
		{3E7B9E8B-CD5E-4277-B274-45F8EE3DD27E}.Debug|Any CPU.Build.0 = Debug|Any CPU
		{3E7B9E8B-CD5E-4277-B274-45F8EE3DD27E}.Release|Any CPU.ActiveCfg = Release|Any CPU
		{3E7B9E8B-CD5E-4277-B274-45F8EE3DD27E}.Release|Any CPU.Build.0 = Release|Any CPU
		{5B817D47-5548-4E77-95FD-1378BA390BE8}.Debug|Any CPU.ActiveCfg = Debug|Any CPU
		{5B817D47-5548-4E77-95FD-1378BA390BE8}.Debug|Any CPU.Build.0 = Debug|Any CPU
		{5B817D47-5548-4E77-95FD-1378BA390BE8}.Release|Any CPU.ActiveCfg = Release|Any CPU
		{5B817D47-5548-4E77-95FD-1378BA390BE8}.Release|Any CPU.Build.0 = Release|Any CPU
		{A541B371-7ACD-46CD-9E8E-80D4DF15EE7F}.Debug|Any CPU.ActiveCfg = Debug|Any CPU
		{A541B371-7ACD-46CD-9E8E-80D4DF15EE7F}.Debug|Any CPU.Build.0 = Debug|Any CPU
		{A541B371-7ACD-46CD-9E8E-80D4DF15EE7F}.Release|Any CPU.ActiveCfg = Release|Any CPU
		{A541B371-7ACD-46CD-9E8E-80D4DF15EE7F}.Release|Any CPU.Build.0 = Release|Any CPU
	EndGlobalSection
	GlobalSection(SolutionProperties) = preSolution
		HideSolutionNode = FALSE
	EndGlobalSection
	GlobalSection(ExtensibilityGlobals) = postSolution
		SolutionGuid = {A8137AED-73C9-405F-A75E-B3D868DEDE25}
	EndGlobalSection
EndGlobal
